
Microsoft Visual Studio Solution File, Format Version 12.00
# Visual Studio Version 16
VisualStudioVersion = 16.0.30223.230
MinimumVisualStudioVersion = 10.0.40219.1
Project("{9A19103F-16F7-4668-BE54-9A1E7A4F7556}") = "NegativeEddy.Bots.Twitch", "NegativeEddy.Bots.Twitch\NegativeEddy.Bots.Twitch.csproj", "{A71B8A1A-651D-4A40-8FA2-DCFDF6EB8D6C}"
EndProject
Project("{9A19103F-16F7-4668-BE54-9A1E7A4F7556}") = "NegativeEddy.Bots.Twitch.AspNetHost", "NegativeEddy.Bots.Twitch.AspNetHost\NegativeEddy.Bots.Twitch.AspNetHost.csproj", "{D4D52579-66AF-488E-8918-7C6DA916BCC4}"
EndProject
Project("{9A19103F-16F7-4668-BE54-9A1E7A4F7556}") = "NegativeEddy.Bots.Twitch.ConsoleHost", "NegativeEddy.Bots.Twitch.ConsoleHost\NegativeEddy.Bots.Twitch.ConsoleHost.csproj", "{AF648CC9-7D3E-455B-A77B-B21EAF9E22BA}"
EndProject
Project("{9A19103F-16F7-4668-BE54-9A1E7A4F7556}") = "NegativeEddy.Bots.Twitch.BlazorHost", "NegativeEddy.Bots.Twitch.BlazorHost\NegativeEddy.Bots.Twitch.BlazorHost.csproj", "{06565DFC-22BF-4043-8F8E-D638EF15807E}"
EndProject
Project("{FAE04EC0-301F-11D3-BF4B-00C04F79EFBC}") = "NegativeEddy.Bots.Twitch.AspNetCore", "NegativeEddy.Bots.Twitch.AspNetCore\NegativeEddy.Bots.Twitch.AspNetCore.csproj", "{927AE3A9-2A96-4A1A-B672-6A9F1B1B47FF}"
EndProject
Global
	GlobalSection(SolutionConfigurationPlatforms) = preSolution
		Debug|Any CPU = Debug|Any CPU
		Release|Any CPU = Release|Any CPU
	EndGlobalSection
	GlobalSection(ProjectConfigurationPlatforms) = postSolution
		{A71B8A1A-651D-4A40-8FA2-DCFDF6EB8D6C}.Debug|Any CPU.ActiveCfg = Debug|Any CPU
		{A71B8A1A-651D-4A40-8FA2-DCFDF6EB8D6C}.Debug|Any CPU.Build.0 = Debug|Any CPU
		{A71B8A1A-651D-4A40-8FA2-DCFDF6EB8D6C}.Release|Any CPU.ActiveCfg = Release|Any CPU
		{A71B8A1A-651D-4A40-8FA2-DCFDF6EB8D6C}.Release|Any CPU.Build.0 = Release|Any CPU
		{D4D52579-66AF-488E-8918-7C6DA916BCC4}.Debug|Any CPU.ActiveCfg = Debug|Any CPU
		{D4D52579-66AF-488E-8918-7C6DA916BCC4}.Debug|Any CPU.Build.0 = Debug|Any CPU
		{D4D52579-66AF-488E-8918-7C6DA916BCC4}.Release|Any CPU.ActiveCfg = Release|Any CPU
		{D4D52579-66AF-488E-8918-7C6DA916BCC4}.Release|Any CPU.Build.0 = Release|Any CPU
		{AF648CC9-7D3E-455B-A77B-B21EAF9E22BA}.Debug|Any CPU.ActiveCfg = Debug|Any CPU
		{AF648CC9-7D3E-455B-A77B-B21EAF9E22BA}.Debug|Any CPU.Build.0 = Debug|Any CPU
		{AF648CC9-7D3E-455B-A77B-B21EAF9E22BA}.Release|Any CPU.ActiveCfg = Release|Any CPU
		{AF648CC9-7D3E-455B-A77B-B21EAF9E22BA}.Release|Any CPU.Build.0 = Release|Any CPU
		{06565DFC-22BF-4043-8F8E-D638EF15807E}.Debug|Any CPU.ActiveCfg = Debug|Any CPU
		{06565DFC-22BF-4043-8F8E-D638EF15807E}.Debug|Any CPU.Build.0 = Debug|Any CPU
		{06565DFC-22BF-4043-8F8E-D638EF15807E}.Release|Any CPU.ActiveCfg = Release|Any CPU
		{06565DFC-22BF-4043-8F8E-D638EF15807E}.Release|Any CPU.Build.0 = Release|Any CPU
		{927AE3A9-2A96-4A1A-B672-6A9F1B1B47FF}.Debug|Any CPU.ActiveCfg = Debug|Any CPU
		{927AE3A9-2A96-4A1A-B672-6A9F1B1B47FF}.Debug|Any CPU.Build.0 = Debug|Any CPU
		{927AE3A9-2A96-4A1A-B672-6A9F1B1B47FF}.Release|Any CPU.ActiveCfg = Release|Any CPU
		{927AE3A9-2A96-4A1A-B672-6A9F1B1B47FF}.Release|Any CPU.Build.0 = Release|Any CPU
	EndGlobalSection
	GlobalSection(SolutionProperties) = preSolution
		HideSolutionNode = FALSE
	EndGlobalSection
	GlobalSection(ExtensibilityGlobals) = postSolution
		SolutionGuid = {2DA13EA5-F575-4240-BFAB-FB3075462F22}
	EndGlobalSection
EndGlobal
